{
  "version": 1,
  "dependencies": {
    "net7.0-windows7.0": {
      "H.NotifyIcon": {
        "type": "Direct",
        "requested": "[2.0.131, )",
        "resolved": "2.0.131",
        "contentHash": "mdznQAfcJFehblFoDUvtmdm1Y9+u1eMN1ffORbdYv5EwreMxkCwvdj8qQn3qnUo9EIJ6h5Xdgqey9Nj4us8w7w==",
        "dependencies": {
          "H.GeneratedIcons.System.Drawing": "2.0.131"
        }
      },
      "HidSharp": {
        "type": "Direct",
        "requested": "[2.1.0, )",
        "resolved": "2.1.0",
        "contentHash": "UTdxWvbgp2xzT1Ajaa2va+Qi3oNHJPasYmVhbKI2VVdu1VYP6yUG+RikhsHvpD7iM0S8e8UYb5Qm/LTWxx9QAA=="
      },
      "PixiEditor.ColorPicker": {
        "type": "Direct",
        "requested": "[3.4.1, )",
        "resolved": "3.4.1",
        "contentHash": "n7T1+ZN28Nfy9OoAJB0NpxCFZTBNjlm+EXKnVVLTIaiHTaeJTxwgt52uAf4jL17ynDP2vbqdneMCUmjAFHH+HA==",
        "dependencies": {
          "Microsoft.Xaml.Behaviors.Wpf": "1.1.31"
        }
      },
      "H.GeneratedIcons.System.Drawing": {
        "type": "Transitive",
        "resolved": "2.0.131",
        "contentHash": "QoNGQrhxzG+dQufa4xRjSqihMy5aVVVZqQUt0fLJbwhs7rcM4hpN1qVkZpZEkHsRgrHfFBC/Ursjh8STY/sg7A==",
        "dependencies": {
          "System.Drawing.Common": "8.0.0"
        }
      },
      "Microsoft.Win32.SystemEvents": {
        "type": "Transitive",
        "resolved": "8.0.0",
        "contentHash": "9opKRyOKMCi2xJ7Bj7kxtZ1r9vbzosMvRrdEhVhDz8j8MoBGgB+WmC94yH839NPH+BclAjtQ/pyagvi/8gDLkw=="
      },
      "Microsoft.Xaml.Behaviors.Wpf": {
        "type": "Transitive",
        "resolved": "1.1.31",
        "contentHash": "LZpuf82ACZWldmfMuv3CTUMDh3o0xo0uHUaybR5HgqVLDBJJ9RZLykplQ/bTJd0/VDt3EhD4iDgUgbdIUAM+Kg=="
      },
      "System.Drawing.Common": {
        "type": "Transitive",
        "resolved": "8.0.0",
        "contentHash": "JkbHJjtI/dWc5dfmEdJlbe3VwgZqCkZRtfuWFh5GOv0f+gGCfBtzMpIVkmdkj2AObO9y+oiOi81UGwH3aBYuqA==",
        "dependencies": {
          "Microsoft.Win32.SystemEvents": "8.0.0"
        }
      }
    },
    "net7.0-windows7.0/win-x64": {
      "Microsoft.Win32.SystemEvents": {
        "type": "Transitive",
        "resolved": "8.0.0",
        "contentHash": "9opKRyOKMCi2xJ7Bj7kxtZ1r9vbzosMvRrdEhVhDz8j8MoBGgB+WmC94yH839NPH+BclAjtQ/pyagvi/8gDLkw=="
      }
    }
  }
}